Microsoft Visual Studio Solution File, Format Version 11.00
# Visual Studio 2010
Project("{FAE04EC0-301F-11D3-BF4B-00C04F79EFBC}") = "Assembly-CSharp-Editor", "Assembly-CSharp-Editor.csproj", "{EBD45C57-F10C-07C6-61DD-22CD522629B8}"
EndProject
Global
	GlobalSection(SolutionConfigurationPlatforms) = preSolution
		Debug|Any CPU = Debug|Any CPU
		Release|Any CPU = Release|Any CPU
	EndGlobalSection
	GlobalSection(ProjectConfigurationPlatforms) = postSolution
		{EBD45C57-F10C-07C6-61DD-22CD522629B8}.Debug|Any CPU.ActiveCfg = Debug|Any CPU
		{EBD45C57-F10C-07C6-61DD-22CD522629B8}.Debug|Any CPU.Build.0 = Debug|Any CPU
		{EBD45C57-F10C-07C6-61DD-22CD522629B8}.Release|Any CPU.ActiveCfg = Release|Any CPU
		{EBD45C57-F10C-07C6-61DD-22CD522629B8}.Release|Any CPU.Build.0 = Release|Any CPU
	EndGlobalSection
	GlobalSection(SolutionProperties) = preSolution
		HideSolutionNode = FALSE
	EndGlobalSection
	GlobalSection(MonoDevelopProperties) = preSolution
		StartupItem = Assembly-CSharp.csproj
	EndGlobalSection
EndGlobal
